<?xml version="1.0" encoding="utf-8"?>
<Project ToolsVersion="4.0" xmlns="http://schemas.microsoft.com/developer/msbuild/2003">
  <ItemGroup>
    <ClCompile Include="BaseRunner.cpp" />
    <ClCompile Include="GameObjectManager.cpp" />
    <ClCompile Include="main.cpp" />
    <ClCompile Include="TextureManager.cpp" />
    <ClCompile Include="IETThread.cpp">
      <Filter>Threading</Filter>
    </ClCompile>
    <ClCompile Include="StringUtils.cpp" />
    <ClCompile Include="TextureDisplay.cpp">
      <Filter>GameObjects</Filter>
    </ClCompile>
    <ClCompile Include="AGameObject.cpp">
      <Filter>GameObjects</Filter>
    </ClCompile>
    <ClCompile Include="BGObject.cpp">
      <Filter>GameObjects</Filter>
    </ClCompile>
    <ClCompile Include="IconObject.cpp">
      <Filter>GameObjects</Filter>
    </ClCompile>
    <ClCompile Include="IExecutionEvent.cpp">
      <Filter>Threading</Filter>
    </ClCompile>
    <ClCompile Include="StreamAssetLoader.cpp">
      <Filter>Threading</Filter>
    </ClCompile>
    <ClCompile Include="FPSCounter.cpp">
      <Filter>GameObjects</Filter>
    </ClCompile>
    <ClCompile Include="HelloWorldThread.cpp">
      <Filter>Threading</Filter>
    </ClCompile>
  </ItemGroup>
  <ItemGroup>
    <ClInclude Include="BaseRunner.h" />
    <ClInclude Include="GameObjectManager.h" />
    <ClInclude Include="TextureManager.h" />
    <ClInclude Include="IETThread.h">
      <Filter>Threading</Filter>
    </ClInclude>
    <ClInclude Include="StringUtils.h" />
    <ClInclude Include="TextureDisplay.h">
      <Filter>GameObjects</Filter>
    </ClInclude>
    <ClInclude Include="AGameObject.h">
      <Filter>GameObjects</Filter>
    </ClInclude>
    <ClInclude Include="BGObject.h">
      <Filter>GameObjects</Filter>
    </ClInclude>
    <ClInclude Include="IconObject.h">
      <Filter>GameObjects</Filter>
    </ClInclude>
    <ClInclude Include="IExecutionEvent.h">
      <Filter>Threading</Filter>
    </ClInclude>
    <ClInclude Include="StreamAssetLoader.h">
      <Filter>Threading</Filter>
    </ClInclude>
    <ClInclude Include="FPSCounter.h">
      <Filter>GameObjects</Filter>
    </ClInclude>
    <ClInclude Include="HelloWorldThread.h">
      <Filter>Threading</Filter>
    </ClInclude>
  </ItemGroup>
  <ItemGroup>
    <Filter Include="Threading">
      <UniqueIdentifier>{573df171-03ec-48a9-aaa5-54e56955da4f}</UniqueIdentifier>
    </Filter>
    <Filter Include="Assets">
      <UniqueIdentifier>{40cd7e57-ccfd-4999-8396-fbbdeaa581ac}</UniqueIdentifier>
    </Filter>
    <Filter Include="GameObjects">
      <UniqueIdentifier>{fd3959aa-8344-4486-b3e7-1fd1babcdb0b}</UniqueIdentifier>
    </Filter>
  </ItemGroup>
  <ItemGroup>
    <Text Include="Media\assets.txt">
      <Filter>Assets</Filter>
    </Text>
  </ItemGroup>
</Project>